
Microsoft Visual Studio Solution File, Format Version 12.00
# Visual Studio Version 16
VisualStudioVersion = 16.0.30225.117
MinimumVisualStudioVersion = 10.0.40219.1
Project("{FAE04EC0-301F-11D3-BF4B-00C04F79EFBC}") = "Gf.Web.Automation", "Gf.Web.Automation.csproj", "{11A1628D-31BF-44BF-B63F-6F470C2496A8}"
EndProject
Global
	GlobalSection(SolutionConfigurationPlatforms) = preSolution
		Debug|Any CPU = Debug|Any CPU
		Release|Any CPU = Release|Any CPU
	EndGlobalSection
	GlobalSection(ProjectConfigurationPlatforms) = postSolution
		{11A1628D-31BF-44BF-B63F-6F470C2496A8}.Debug|Any CPU.ActiveCfg = Debug|Any CPU
		{11A1628D-31BF-44BF-B63F-6F470C2496A8}.Debug|Any CPU.Build.0 = Debug|Any CPU
		{11A1628D-31BF-44BF-B63F-6F470C2496A8}.Release|Any CPU.ActiveCfg = Release|Any CPU
		{11A1628D-31BF-44BF-B63F-6F470C2496A8}.Release|Any CPU.Build.0 = Release|Any CPU
	EndGlobalSection
	GlobalSection(SolutionProperties) = preSolution
		HideSolutionNode = FALSE
	EndGlobalSection
	GlobalSection(ExtensibilityGlobals) = postSolution
		SolutionGuid = {958BDD43-FE8F-4D89-9D7E-767D2591ACF6}
	EndGlobalSection
EndGlobal
